
Microsoft Visual Studio Solution File, Format Version 12.00
# Visual Studio Version 17
VisualStudioVersion = 17.6.33815.320
MinimumVisualStudioVersion = 10.0.40219.1
Project("{FAE04EC0-301F-11D3-BF4B-00C04F79EFBC}") = "C", "C\C.csproj", "{A5547951-DAFD-44CE-BEF9-E036077F7FD2}"
EndProject
Global
	GlobalSection(SolutionConfigurationPlatforms) = preSolution
		Debug|Any CPU = Debug|Any CPU
		Release|Any CPU = Release|Any CPU
	EndGlobalSection
	GlobalSection(ProjectConfigurationPlatforms) = postSolution
		{A5547951-DAFD-44CE-BEF9-E036077F7FD2}.Debug|Any CPU.ActiveCfg = Debug|Any CPU
		{A5547951-DAFD-44CE-BEF9-E036077F7FD2}.Debug|Any CPU.Build.0 = Debug|Any CPU
		{A5547951-DAFD-44CE-BEF9-E036077F7FD2}.Release|Any CPU.ActiveCfg = Release|Any CPU
		{A5547951-DAFD-44CE-BEF9-E036077F7FD2}.Release|Any CPU.Build.0 = Release|Any CPU
	EndGlobalSection
	GlobalSection(SolutionProperties) = preSolution
		HideSolutionNode = FALSE
	EndGlobalSection
	GlobalSection(ExtensibilityGlobals) = postSolution
		SolutionGuid = {F498DE8D-F8EC-4206-BEC7-1769EBFB7D5E}
	EndGlobalSection
EndGlobal
